{
  "name": "bench",
  "lockfileVersion": 3,
  "requires": true,
  "packages": {
    "": {
      "name": "bench",
      "dependencies": {
        "@ethereumjs/common": "^10.0.0",
        "@ethereumjs/statemanager": "^10.0.0",
        "@ethereumjs/util": "^10.0.0",
        "@ethereumjs/vm": "^10.0.0"
      },
      "devDependencies": {
        "@types/bun": "latest"
      },
      "peerDependencies": {
        "typescript": "^5"
      }
    },
    "node_modules/@ethereumjs/binarytree": {
      "version": "10.0.0",
      "resolved": "https://registry.npmjs.org/@ethereumjs/binarytree/-/binarytree-10.0.0.tgz",
      "integrity": "sha512-ZOfRpMhzt3kukNAzSlA/qAr8BQFw24lVbGLYN8mrILzZIHYYa2/PbhitVdPnCSQaeARSE/bLYBgM4c3+na0x0Q==",
      "license": "MIT",
      "dependencies": {
        "@ethereumjs/rlp": "^10.0.0",
        "@ethereumjs/util": "^10.0.0",
        "@noble/hashes": "^1.7.2",
        "debug": "^4.4.0",
        "ethereum-cryptography": "^3.2.0",
        "lru-cache": "11.0.2"
      },
      "engines": {
        "node": ">=18"
      }
    },
    "node_modules/@ethereumjs/block": {
      "version": "10.0.0",
      "resolved": "https://registry.npmjs.org/@ethereumjs/block/-/block-10.0.0.tgz",
      "integrity": "sha512-wojY2+J1X+LdJuWoDvufbiDYqjNb+m17tr9Lo/AZ7qJsMSTuxbF+xVmYtDS2s60UASsmkdYdp/Uc7vslaksN/Q==",
      "license": "MPL-2.0",
      "dependencies": {
        "@ethereumjs/common": "^10.0.0",
        "@ethereumjs/mpt": "^10.0.0",
        "@ethereumjs/rlp": "^10.0.0",
        "@ethereumjs/tx": "^10.0.0",
        "@ethereumjs/util": "^10.0.0",
        "ethereum-cryptography": "^3.2.0"
      },
      "engines": {
        "node": ">=18"
      }
    },
    "node_modules/@ethereumjs/common": {
      "version": "10.0.0",
      "resolved": "https://registry.npmjs.org/@ethereumjs/common/-/common-10.0.0.tgz",
      "integrity": "sha512-qb0M1DGdXzMAf3O6Zg5Wr5UDjoxBmplLPbQyC6DQ0LfgVDBRdqn0Pk+/hHm4q0McE22Of0MxbV4hhiDTkSgKag==",
      "license": "MIT",
      "dependencies": {
        "@ethereumjs/util": "^10.0.0",
        "eventemitter3": "^5.0.1"
      }
    },
    "node_modules/@ethereumjs/evm": {
      "version": "10.0.0",
      "resolved": "https://registry.npmjs.org/@ethereumjs/evm/-/evm-10.0.0.tgz",
      "integrity": "sha512-/b5oy1Zc92Wol7d9EjVTcjdQcfiLAmHA10CBoResRa8CeJQcjuOTikdFQTYwSBuch0E2z0tTFLu+JmCdtjHN+A==",
      "license": "MPL-2.0",
      "dependencies": {
        "@ethereumjs/binarytree": "^10.0.0",
        "@ethereumjs/common": "^10.0.0",
        "@ethereumjs/statemanager": "^10.0.0",
        "@ethereumjs/util": "^10.0.0",
        "@ethereumjs/verkle": "^10.0.0",
        "@noble/curves": "^1.9.0",
        "@types/debug": "^4.1.12",
        "debug": "^4.4.0",
        "ethereum-cryptography": "^3.2.0",
        "eventemitter3": "^5.0.1"
      },
      "engines": {
        "node": ">=18"
      }
    },
    "node_modules/@ethereumjs/mpt": {
      "version": "10.0.0",
      "resolved": "https://registry.npmjs.org/@ethereumjs/mpt/-/mpt-10.0.0.tgz",
      "integrity": "sha512-WpIWAyWhe/veG6bvBEQUdEGPyDTID0clFy4yMy+wRs5Tr7UHeDbsG4bAeXzLCEkhIgarSFok+9P5XO6r1q4tpw==",
      "license": "MPL-2.0",
      "dependencies": {
        "@ethereumjs/rlp": "^10.0.0",
        "@ethereumjs/util": "^10.0.0",
        "debug": "^4.4.0",
        "ethereum-cryptography": "^3.2.0",
        "lru-cache": "11.0.2"
      },
      "engines": {
        "node": ">=18"
      }
    },
    "node_modules/@ethereumjs/rlp": {
      "version": "10.0.0",
      "resolved": "https://registry.npmjs.org/@ethereumjs/rlp/-/rlp-10.0.0.tgz",
      "integrity": "sha512-h2SK6RxFBfN5ZGykbw8LTNNLckSXZeuUZ6xqnmtF22CzZbHflFMcIOyfVGdvyCVQqIoSbGMHtvyxMCWnOyB9RA==",
      "license": "MPL-2.0",
      "bin": {
        "rlp": "bin/rlp.cjs"
      },
      "engines": {
        "node": ">=18"
      }
    },
    "node_modules/@ethereumjs/statemanager": {
      "version": "10.0.0",
      "resolved": "https://registry.npmjs.org/@ethereumjs/statemanager/-/statemanager-10.0.0.tgz",
      "integrity": "sha512-s64RQIQLNmdxhfnm1nQSfPl4ktR0ju7RBx50HhAScItefrHg0QSqk7ZaKPXwuyvR+ilZHB3jQ0cmLwJ4DSvZgA==",
      "license": "MPL-2.0",
      "dependencies": {
        "@ethereumjs/binarytree": "^10.0.0",
        "@ethereumjs/common": "^10.0.0",
        "@ethereumjs/mpt": "^10.0.0",
        "@ethereumjs/rlp": "^10.0.0",
        "@ethereumjs/util": "^10.0.0",
        "@ethereumjs/verkle": "^10.0.0",
        "@js-sdsl/ordered-map": "^4.4.2",
        "@noble/hashes": "^1.7.2",
        "debug": "^4.4.0",
        "ethereum-cryptography": "^3.2.0",
        "lru-cache": "11.0.2"
      }
    },
    "node_modules/@ethereumjs/tx": {
      "version": "10.0.0",
      "resolved": "https://registry.npmjs.org/@ethereumjs/tx/-/tx-10.0.0.tgz",
      "integrity": "sha512-DApm04kp2nbvaOuHy2Rkcz1ZeJkTVgW6oCuNnQf9bRtGc+LsvLrdULE3LoGtBItEoNEcgXLJqrV0foooWFX6jw==",
      "license": "MPL-2.0",
      "dependencies": {
        "@ethereumjs/common": "^10.0.0",
        "@ethereumjs/rlp": "^10.0.0",
        "@ethereumjs/util": "^10.0.0",
        "ethereum-cryptography": "^3.2.0"
      },
      "engines": {
        "node": ">=18"
      }
    },
    "node_modules/@ethereumjs/util": {
      "version": "10.0.0",
      "resolved": "https://registry.npmjs.org/@ethereumjs/util/-/util-10.0.0.tgz",
      "integrity": "sha512-lO23alM4uQsv8dp6/yEm4Xw4328+wIRjSeuBO1mRTToUWRcByEMTk87yzBpXgpixpgHrl+9LTn9KB2vvKKtOQQ==",
      "license": "MPL-2.0",
      "dependencies": {
        "@ethereumjs/rlp": "^10.0.0",
        "ethereum-cryptography": "^3.2.0"
      },
      "engines": {
        "node": ">=18"
      }
    },
    "node_modules/@ethereumjs/verkle": {
      "version": "10.0.0",
      "resolved": "https://registry.npmjs.org/@ethereumjs/verkle/-/verkle-10.0.0.tgz",
      "integrity": "sha512-pBGcIP0yhxjpBjjmZjF/3DKhjySxoFcFU6s81UI3h3bxiLsFTqPNMdTucFV1wiXeDbq8V4iH3c7IZbLZ5K07kw==",
      "license": "MIT",
      "dependencies": {
        "@ethereumjs/rlp": "^10.0.0",
        "@ethereumjs/util": "^10.0.0",
        "debug": "^4.4.0",
        "lru-cache": "11.0.2",
        "micro-eth-signer": "0.14.0"
      },
      "engines": {
        "node": ">=18"
      }
    },
    "node_modules/@ethereumjs/vm": {
      "version": "10.0.0",
      "resolved": "https://registry.npmjs.org/@ethereumjs/vm/-/vm-10.0.0.tgz",
      "integrity": "sha512-jjl607CwL5vykrwGbpF3MVFxvJOHV6XNmXbngO6emoK74AW1gvq/uY/S8uJ7rQk9HRB1/EkxNsG24x7rVatYMQ==",
      "license": "MPL-2.0",
      "dependencies": {
        "@ethereumjs/block": "^10.0.0",
        "@ethereumjs/common": "^10.0.0",
        "@ethereumjs/evm": "^10.0.0",
        "@ethereumjs/mpt": "^10.0.0",
        "@ethereumjs/rlp": "^10.0.0",
        "@ethereumjs/statemanager": "^10.0.0",
        "@ethereumjs/tx": "^10.0.0",
        "@ethereumjs/util": "^10.0.0",
        "@ethereumjs/verkle": "^10.0.0",
        "debug": "^4.4.0",
        "ethereum-cryptography": "^3.2.0",
        "eventemitter3": "^5.0.1"
      },
      "engines": {
        "node": ">=18"
      }
    },
    "node_modules/@js-sdsl/ordered-map": {
      "version": "4.4.2",
      "resolved": "https://registry.npmjs.org/@js-sdsl/ordered-map/-/ordered-map-4.4.2.tgz",
      "integrity": "sha512-iUKgm52T8HOE/makSxjqoWhe95ZJA1/G1sYsGev2JDKUSS14KAgg1LHb+Ba+IPow0xflbnSkOsZcO08C7w1gYw==",
      "license": "MIT",
      "funding": {
        "type": "opencollective",
        "url": "https://opencollective.com/js-sdsl"
      }
    },
    "node_modules/@noble/ciphers": {
      "version": "1.3.0",
      "resolved": "https://registry.npmjs.org/@noble/ciphers/-/ciphers-1.3.0.tgz",
      "integrity": "sha512-2I0gnIVPtfnMw9ee9h1dJG7tp81+8Ob3OJb3Mv37rx5L40/b0i7djjCVvGOVqc9AEIQyvyu1i6ypKdFw8R8gQw==",
      "license": "MIT",
      "engines": {
        "node": "^14.21.3 || >=16"
      },
      "funding": {
        "url": "https://paulmillr.com/funding/"
      }
    },
    "node_modules/@noble/curves": {
      "version": "1.9.7",
      "resolved": "https://registry.npmjs.org/@noble/curves/-/curves-1.9.7.tgz",
      "integrity": "sha512-gbKGcRUYIjA3/zCCNaWDciTMFI0dCkvou3TL8Zmy5Nc7sJ47a0jtOeZoTaMxkuqRo9cRhjOdZJXegxYE5FN/xw==",
      "license": "MIT",
      "dependencies": {
        "@noble/hashes": "1.8.0"
      },
      "engines": {
        "node": "^14.21.3 || >=16"
      },
      "funding": {
        "url": "https://paulmillr.com/funding/"
      }
    },
    "node_modules/@noble/hashes": {
      "version": "1.8.0",
      "resolved": "https://registry.npmjs.org/@noble/hashes/-/hashes-1.8.0.tgz",
      "integrity": "sha512-jCs9ldd7NwzpgXDIf6P3+NrHh9/sD6CQdxHyjQI+h/6rDNo88ypBxxz45UDuZHz9r3tNz7N/VInSVoVdtXEI4A==",
      "license": "MIT",
      "engines": {
        "node": "^14.21.3 || >=16"
      },
      "funding": {
        "url": "https://paulmillr.com/funding/"
      }
    },
    "node_modules/@scure/base": {
      "version": "1.2.6",
      "resolved": "https://registry.npmjs.org/@scure/base/-/base-1.2.6.tgz",
      "integrity": "sha512-g/nm5FgUa//MCj1gV09zTJTaM6KBAHqLN907YVQqf7zC49+DcO4B1so4ZX07Ef10Twr6nuqYEH9GEggFXA4Fmg==",
      "license": "MIT",
      "funding": {
        "url": "https://paulmillr.com/funding/"
      }
    },
    "node_modules/@scure/bip32": {
      "version": "1.7.0",
      "resolved": "https://registry.npmjs.org/@scure/bip32/-/bip32-1.7.0.tgz",
      "integrity": "sha512-E4FFX/N3f4B80AKWp5dP6ow+flD1LQZo/w8UnLGYZO674jS6YnYeepycOOksv+vLPSpgN35wgKgy+ybfTb2SMw==",
      "license": "MIT",
      "dependencies": {
        "@noble/curves": "~1.9.0",
        "@noble/hashes": "~1.8.0",
        "@scure/base": "~1.2.5"
      },
      "funding": {
        "url": "https://paulmillr.com/funding/"
      }
    },
    "node_modules/@scure/bip39": {
      "version": "1.6.0",
      "resolved": "https://registry.npmjs.org/@scure/bip39/-/bip39-1.6.0.tgz",
      "integrity": "sha512-+lF0BbLiJNwVlev4eKelw1WWLaiKXw7sSl8T6FvBlWkdX+94aGJ4o8XjUdlyhTCjd8c+B3KT3JfS8P0bLRNU6A==",
      "license": "MIT",
      "dependencies": {
        "@noble/hashes": "~1.8.0",
        "@scure/base": "~1.2.5"
      },
      "funding": {
        "url": "https://paulmillr.com/funding/"
      }
    },
    "node_modules/@types/bun": {
      "version": "1.2.22",
      "resolved": "https://registry.npmjs.org/@types/bun/-/bun-1.2.22.tgz",
      "integrity": "sha512-5A/KrKos2ZcN0c6ljRSOa1fYIyCKhZfIVYeuyb4snnvomnpFqC0tTsEkdqNxbAgExV384OETQ//WAjl3XbYqQA==",
      "dev": true,
      "license": "MIT",
      "dependencies": {
        "bun-types": "1.2.22"
      }
    },
    "node_modules/@types/debug": {
      "version": "4.1.12",
      "resolved": "https://registry.npmjs.org/@types/debug/-/debug-4.1.12.tgz",
      "integrity": "sha512-vIChWdVG3LG1SMxEvI/AK+FWJthlrqlTu7fbrlywTkkaONwk/UAGaULXRlf8vkzFBLVm0zkMdCquhL5aOjhXPQ==",
      "license": "MIT",
      "dependencies": {
        "@types/ms": "*"
      }
    },
    "node_modules/@types/ms": {
      "version": "2.1.0",
      "resolved": "https://registry.npmjs.org/@types/ms/-/ms-2.1.0.tgz",
      "integrity": "sha512-GsCCIZDE/p3i96vtEqx+7dBUGXrc7zeSK3wwPHIaRThS+9OhWIXRqzs4d6k1SVU8g91DrNRWxWUGhp5KXQb2VA==",
      "license": "MIT"
    },
    "node_modules/@types/node": {
      "version": "24.5.2",
      "resolved": "https://registry.npmjs.org/@types/node/-/node-24.5.2.tgz",
      "integrity": "sha512-FYxk1I7wPv3K2XBaoyH2cTnocQEu8AOZ60hPbsyukMPLv5/5qr7V1i8PLHdl6Zf87I+xZXFvPCXYjiTFq+YSDQ==",
      "dev": true,
      "license": "MIT",
      "dependencies": {
        "undici-types": "~7.12.0"
      }
    },
    "node_modules/@types/react": {
      "version": "19.1.13",
      "resolved": "https://registry.npmjs.org/@types/react/-/react-19.1.13.tgz",
      "integrity": "sha512-hHkbU/eoO3EG5/MZkuFSKmYqPbSVk5byPFa3e7y/8TybHiLMACgI8seVYlicwk7H5K/rI2px9xrQp/C+AUDTiQ==",
      "dev": true,
      "license": "MIT",
      "peer": true,
      "dependencies": {
        "csstype": "^3.0.2"
      }
    },
    "node_modules/bun-types": {
      "version": "1.2.22",
      "resolved": "https://registry.npmjs.org/bun-types/-/bun-types-1.2.22.tgz",
      "integrity": "sha512-hwaAu8tct/Zn6Zft4U9BsZcXkYomzpHJX28ofvx7k0Zz2HNz54n1n+tDgxoWFGB4PcFvJXJQloPhaV2eP3Q6EA==",
      "dev": true,
      "license": "MIT",
      "dependencies": {
        "@types/node": "*"
      },
      "peerDependencies": {
        "@types/react": "^19"
      }
    },
    "node_modules/csstype": {
      "version": "3.1.3",
      "resolved": "https://registry.npmjs.org/csstype/-/csstype-3.1.3.tgz",
      "integrity": "sha512-M1uQkMl8rQK/szD0LNhtqxIPLpimGm8sOBwU7lLnCpSbTyY3yeU1Vc7l4KT5zT4s/yOxHH5O7tIuuLOCnLADRw==",
      "dev": true,
      "license": "MIT",
      "peer": true
    },
    "node_modules/debug": {
      "version": "4.4.3",
      "resolved": "https://registry.npmjs.org/debug/-/debug-4.4.3.tgz",
      "integrity": "sha512-RGwwWnwQvkVfavKVt22FGLw+xYSdzARwm0ru6DhTVA3umU5hZc28V3kO4stgYryrTlLpuvgI9GiijltAjNbcqA==",
      "license": "MIT",
      "dependencies": {
        "ms": "^2.1.3"
      },
      "engines": {
        "node": ">=6.0"
      },
      "peerDependenciesMeta": {
        "supports-color": {
          "optional": true
        }
      }
    },
    "node_modules/ethereum-cryptography": {
      "version": "3.2.0",
      "resolved": "https://registry.npmjs.org/ethereum-cryptography/-/ethereum-cryptography-3.2.0.tgz",
      "integrity": "sha512-Urr5YVsalH+Jo0sYkTkv1MyI9bLYZwW8BENZCeE1QYaTHETEYx0Nv/SVsWkSqpYrzweg6d8KMY1wTjH/1m/BIg==",
      "license": "MIT",
      "dependencies": {
        "@noble/ciphers": "1.3.0",
        "@noble/curves": "1.9.0",
        "@noble/hashes": "1.8.0",
        "@scure/bip32": "1.7.0",
        "@scure/bip39": "1.6.0"
      },
      "engines": {
        "node": "^14.21.3 || >=16",
        "npm": ">=9"
      }
    },
    "node_modules/ethereum-cryptography/node_modules/@noble/curves": {
      "version": "1.9.0",
      "resolved": "https://registry.npmjs.org/@noble/curves/-/curves-1.9.0.tgz",
      "integrity": "sha512-7YDlXiNMdO1YZeH6t/kvopHHbIZzlxrCV9WLqCY6QhcXOoXiNCMDqJIglZ9Yjx5+w7Dz30TITFrlTjnRg7sKEg==",
      "license": "MIT",
      "dependencies": {
        "@noble/hashes": "1.8.0"
      },
      "engines": {
        "node": "^14.21.3 || >=16"
      },
      "funding": {
        "url": "https://paulmillr.com/funding/"
      }
    },
    "node_modules/eventemitter3": {
      "version": "5.0.1",
      "resolved": "https://registry.npmjs.org/eventemitter3/-/eventemitter3-5.0.1.tgz",
      "integrity": "sha512-GWkBvjiSZK87ELrYOSESUYeVIc9mvLLf/nXalMOS5dYrgZq9o5OVkbZAVM06CVxYsCwH9BDZFPlQTlPA1j4ahA==",
      "license": "MIT"
    },
    "node_modules/lru-cache": {
      "version": "11.0.2",
      "resolved": "https://registry.npmjs.org/lru-cache/-/lru-cache-11.0.2.tgz",
      "integrity": "sha512-123qHRfJBmo2jXDbo/a5YOQrJoHF/GNQTLzQ5+IdK5pWpceK17yRc6ozlWd25FxvGKQbIUs91fDFkXmDHTKcyA==",
      "license": "ISC",
      "engines": {
        "node": "20 || >=22"
      }
    },
    "node_modules/micro-eth-signer": {
      "version": "0.14.0",
      "resolved": "https://registry.npmjs.org/micro-eth-signer/-/micro-eth-signer-0.14.0.tgz",
      "integrity": "sha512-5PLLzHiVYPWClEvZIXXFu5yutzpadb73rnQCpUqIHu3No3coFuWQNfE5tkBQJ7djuLYl6aRLaS0MgWJYGoqiBw==",
      "license": "MIT",
      "dependencies": {
        "@noble/curves": "~1.8.1",
        "@noble/hashes": "~1.7.1",
        "micro-packed": "~0.7.2"
      }
    },
    "node_modules/micro-eth-signer/node_modules/@noble/curves": {
      "version": "1.8.2",
      "resolved": "https://registry.npmjs.org/@noble/curves/-/curves-1.8.2.tgz",
      "integrity": "sha512-vnI7V6lFNe0tLAuJMu+2sX+FcL14TaCWy1qiczg1VwRmPrpQCdq5ESXQMqUc2tluRNf6irBXrWbl1mGN8uaU/g==",
      "license": "MIT",
      "dependencies": {
        "@noble/hashes": "1.7.2"
      },
      "engines": {
        "node": "^14.21.3 || >=16"
      },
      "funding": {
        "url": "https://paulmillr.com/funding/"
      }
    },
    "node_modules/micro-eth-signer/node_modules/@noble/hashes": {
      "version": "1.7.2",
      "resolved": "https://registry.npmjs.org/@noble/hashes/-/hashes-1.7.2.tgz",
      "integrity": "sha512-biZ0NUSxyjLLqo6KxEJ1b+C2NAx0wtDoFvCaXHGgUkeHzf3Xc1xKumFKREuT7f7DARNZ/slvYUwFG6B0f2b6hQ==",
      "license": "MIT",
      "engines": {
        "node": "^14.21.3 || >=16"
      },
      "funding": {
        "url": "https://paulmillr.com/funding/"
      }
    },
    "node_modules/micro-packed": {
      "version": "0.7.3",
      "resolved": "https://registry.npmjs.org/micro-packed/-/micro-packed-0.7.3.tgz",
      "integrity": "sha512-2Milxs+WNC00TRlem41oRswvw31146GiSaoCT7s3Xi2gMUglW5QBeqlQaZeHr5tJx9nm3i57LNXPqxOOaWtTYg==",
      "license": "MIT",
      "dependencies": {
        "@scure/base": "~1.2.5"
      },
      "funding": {
        "url": "https://paulmillr.com/funding/"
      }
    },
    "node_modules/ms": {
      "version": "2.1.3",
      "resolved": "https://registry.npmjs.org/ms/-/ms-2.1.3.tgz",
      "integrity": "sha512-6FlzubTLZG3J2a/NVCAleEhjzq5oxgHyaCU9yYXvcLsvoVaHJq/s5xXI6/XXP6tz7R9xAOtHnSO/tXtF3WRTlA==",
      "license": "MIT"
    },
    "node_modules/typescript": {
      "version": "5.9.2",
      "resolved": "https://registry.npmjs.org/typescript/-/typescript-5.9.2.tgz",
      "integrity": "sha512-CWBzXQrc/qOkhidw1OzBTQuYRbfyxDXJMVJ1XNwUHGROVmuaeiEm3OslpZ1RV96d7SKKjZKrSJu3+t/xlw3R9A==",
      "license": "Apache-2.0",
      "peer": true,
      "bin": {
        "tsc": "bin/tsc",
        "tsserver": "bin/tsserver"
      },
      "engines": {
        "node": ">=14.17"
      }
    },
    "node_modules/undici-types": {
      "version": "7.12.0",
      "resolved": "https://registry.npmjs.org/undici-types/-/undici-types-7.12.0.tgz",
      "integrity": "sha512-goOacqME2GYyOZZfb5Lgtu+1IDmAlAEu5xnD3+xTzS10hT0vzpf0SPjkXwAw9Jm+4n/mQGDP3LO8CPbYROeBfQ==",
      "dev": true,
      "license": "MIT"
    }
  }
}
